
Microsoft Visual Studio Solution File, Format Version 12.00
Project("{FAE04EC0-301F-11D3-BF4B-00C04F79EFBC}") = "WebApi", "WebApi\WebApi.csproj", "{8FAA2CB0-3648-4CC3-A7CD-8EAE6A8B4FA8}"
EndProject
Project("{FAE04EC0-301F-11D3-BF4B-00C04F79EFBC}") = "Domain", "Domain\Domain.csproj", "{A1D13077-C696-40FB-A792-E4A3830B24F0}"
EndProject
Project("{FAE04EC0-301F-11D3-BF4B-00C04F79EFBC}") = "Application", "Application\Application.csproj", "{D1E3F3BC-23EB-44D9-A571-35CCEAA67B0C}"
EndProject
Project("{FAE04EC0-301F-11D3-BF4B-00C04F79EFBC}") = "Infrastructure", "Infrastructure\Infrastructure.csproj", "{455B90F3-F02C-4BCE-969A-5EE7AAC58F2B}"
EndProject
Global
	GlobalSection(SolutionConfigurationPlatforms) = preSolution
		Debug|Any CPU = Debug|Any CPU
		Release|Any CPU = Release|Any CPU
	EndGlobalSection
	GlobalSection(ProjectConfigurationPlatforms) = postSolution
		{8FAA2CB0-3648-4CC3-A7CD-8EAE6A8B4FA8}.Debug|Any CPU.ActiveCfg = Debug|Any CPU
		{8FAA2CB0-3648-4CC3-A7CD-8EAE6A8B4FA8}.Debug|Any CPU.Build.0 = Debug|Any CPU
		{8FAA2CB0-3648-4CC3-A7CD-8EAE6A8B4FA8}.Release|Any CPU.ActiveCfg = Release|Any CPU
		{8FAA2CB0-3648-4CC3-A7CD-8EAE6A8B4FA8}.Release|Any CPU.Build.0 = Release|Any CPU
		{A1D13077-C696-40FB-A792-E4A3830B24F0}.Debug|Any CPU.ActiveCfg = Debug|Any CPU
		{A1D13077-C696-40FB-A792-E4A3830B24F0}.Debug|Any CPU.Build.0 = Debug|Any CPU
		{A1D13077-C696-40FB-A792-E4A3830B24F0}.Release|Any CPU.ActiveCfg = Release|Any CPU
		{A1D13077-C696-40FB-A792-E4A3830B24F0}.Release|Any CPU.Build.0 = Release|Any CPU
		{D1E3F3BC-23EB-44D9-A571-35CCEAA67B0C}.Debug|Any CPU.ActiveCfg = Debug|Any CPU
		{D1E3F3BC-23EB-44D9-A571-35CCEAA67B0C}.Debug|Any CPU.Build.0 = Debug|Any CPU
		{D1E3F3BC-23EB-44D9-A571-35CCEAA67B0C}.Release|Any CPU.ActiveCfg = Release|Any CPU
		{D1E3F3BC-23EB-44D9-A571-35CCEAA67B0C}.Release|Any CPU.Build.0 = Release|Any CPU
		{455B90F3-F02C-4BCE-969A-5EE7AAC58F2B}.Debug|Any CPU.ActiveCfg = Debug|Any CPU
		{455B90F3-F02C-4BCE-969A-5EE7AAC58F2B}.Debug|Any CPU.Build.0 = Debug|Any CPU
		{455B90F3-F02C-4BCE-969A-5EE7AAC58F2B}.Release|Any CPU.ActiveCfg = Release|Any CPU
		{455B90F3-F02C-4BCE-969A-5EE7AAC58F2B}.Release|Any CPU.Build.0 = Release|Any CPU
	EndGlobalSection
EndGlobal
